Microsoft Visual Studio Solution File, Format Version 11.00
# Visual Studio 2008

Project("{05B9FCCF-D178-61B2-2F75-89DEEEDA8364}") = "University Game", "Assembly-CSharp.csproj", "{F190C2C3-5D99-0A87-14F7-152547D53006}"
EndProject
Global
	GlobalSection(SolutionConfigurationPlatforms) = preSolution
		Debug|Any CPU = Debug|Any CPU
		Release|Any CPU = Release|Any CPU
	EndGlobalSection
	GlobalSection(ProjectConfigurationPlatforms) = postSolution
		{F190C2C3-5D99-0A87-14F7-152547D53006}.Debug|Any CPU.ActiveCfg = Debug|Any CPU
		{F190C2C3-5D99-0A87-14F7-152547D53006}.Debug|Any CPU.Build.0 = Debug|Any CPU
		{F190C2C3-5D99-0A87-14F7-152547D53006}.Release|Any CPU.ActiveCfg = Release|Any CPU
		{F190C2C3-5D99-0A87-14F7-152547D53006}.Release|Any CPU.Build.0 = Release|Any CPU
	EndGlobalSection
	GlobalSection(SolutionProperties) = preSolution
		HideSolutionNode = FALSE
	EndGlobalSection
	GlobalSection(MonoDevelopProperties) = preSolution
		StartupItem = Assembly-CSharp.csproj
	EndGlobalSection
EndGlobal
